
Microsoft Visual Studio Solution File, Format Version 12.00
# Visual Studio Version 17
VisualStudioVersion = 17.0.31612.314
MinimumVisualStudioVersion = 10.0.40219.1
Project("{9A19103F-16F7-4668-BE54-9A1E7A4F7556}") = "BooleanToValueConverterExample", "BooleanToValueConverterExample\BooleanToValueConverterExample.csproj", "{9920A7F0-5CCE-4296-8659-DCCB4891328B}"
EndProject
Global
	GlobalSection(SolutionConfigurationPlatforms) = preSolution
		Debug|Any CPU = Debug|Any CPU
		Release|Any CPU = Release|Any CPU
	EndGlobalSection
	GlobalSection(ProjectConfigurationPlatforms) = postSolution
		{9920A7F0-5CCE-4296-8659-DCCB4891328B}.Debug|Any CPU.ActiveCfg = Debug|Any CPU
		{9920A7F0-5CCE-4296-8659-DCCB4891328B}.Debug|Any CPU.Build.0 = Debug|Any CPU
		{9920A7F0-5CCE-4296-8659-DCCB4891328B}.Release|Any CPU.ActiveCfg = Release|Any CPU
		{9920A7F0-5CCE-4296-8659-DCCB4891328B}.Release|Any CPU.Build.0 = Release|Any CPU
	EndGlobalSection
	GlobalSection(SolutionProperties) = preSolution
		HideSolutionNode = FALSE
	EndGlobalSection
	GlobalSection(ExtensibilityGlobals) = postSolution
		SolutionGuid = {A5C87CF3-FB2D-4075-9459-566EC5E14B22}
	EndGlobalSection
EndGlobal
